%{"eredis": {:hex, :eredis, "1.0.8"},
  "exml": {:git, "https://github.com/paulgray/exml.git", "62da8a04dfeb65ed46cb932e73366bf653c1e95d", []},
  "exredis": {:hex, :exredis, "0.1.0"},
  "hedwig": {:git, "https://github.com/scrogson/hedwig.git", "b5af0277c56ac97b8d9fe37c6192b0b648a421eb", []},
  "httpotion": {:hex, :httpotion, "1.0.0"},
  "ibrowse": {:hex, :ibrowse, "4.2.2"},
  "jsx": {:git, "https://github.com/talentdeficit/jsx.git", "4d549dd8a990e282c3d57c5f73213674c05ebf07", []},
  "pong": {:git, "https://github.com/inaka/pong.git", "6b6abbbfedf56b570a62f4313488bc05b55ade31", [branch: "elbrujohalcon.rank"]}}
